
Microsoft Visual Studio Solution File, Format Version 12.00
# Visual Studio 15
VisualStudioVersion = 15.0.28010.2048
MinimumVisualStudioVersion = 10.0.40219.1
Project("{FAE04EC0-301F-11D3-BF4B-00C04F79EFBC}") = "WindowsFormsApp2", "WindowsFormsApp2\WindowsFormsApp2.csproj", "{2CA12556-D141-43EE-A003-D63D47A2709A}"
EndProject
Global
	GlobalSection(SolutionConfigurationPlatforms) = preSolution
		Debug|Any CPU = Debug|Any CPU
		Release|Any CPU = Release|Any CPU
	EndGlobalSection
	GlobalSection(ProjectConfigurationPlatforms) = postSolution
		{2CA12556-D141-43EE-A003-D63D47A2709A}.Debug|Any CPU.ActiveCfg = Debug|Any CPU
		{2CA12556-D141-43EE-A003-D63D47A2709A}.Debug|Any CPU.Build.0 = Debug|Any CPU
		{2CA12556-D141-43EE-A003-D63D47A2709A}.Release|Any CPU.ActiveCfg = Release|Any CPU
		{2CA12556-D141-43EE-A003-D63D47A2709A}.Release|Any CPU.Build.0 = Release|Any CPU
	EndGlobalSection
	GlobalSection(SolutionProperties) = preSolution
		HideSolutionNode = FALSE
	EndGlobalSection
	GlobalSection(ExtensibilityGlobals) = postSolution
		SolutionGuid = {B736609D-C787-4D0F-AE16-A53EB26C7353}
	EndGlobalSection
EndGlobal
